
Microsoft Visual Studio Solution File, Format Version 12.00
# Visual Studio Version 17
VisualStudioVersion = 17.13.35931.197 d17.13
MinimumVisualStudioVersion = 10.0.40219.1
Project("{FAE04EC0-301F-11D3-BF4B-00C04F79EFBC}") = "WebApp", "WebApp\WebApp.csproj", "{937ABF75-0F52-417C-A263-05CE1BF21ADF}"
EndProject
Global
	GlobalSection(SolutionConfigurationPlatforms) = preSolution
		Debug|Any CPU = Debug|Any CPU
		Release|Any CPU = Release|Any CPU
	EndGlobalSection
	GlobalSection(ProjectConfigurationPlatforms) = postSolution
		{937ABF75-0F52-417C-A263-05CE1BF21ADF}.Debug|Any CPU.ActiveCfg = Debug|Any CPU
		{937ABF75-0F52-417C-A263-05CE1BF21ADF}.Debug|Any CPU.Build.0 = Debug|Any CPU
		{937ABF75-0F52-417C-A263-05CE1BF21ADF}.Release|Any CPU.ActiveCfg = Release|Any CPU
		{937ABF75-0F52-417C-A263-05CE1BF21ADF}.Release|Any CPU.Build.0 = Release|Any CPU
	EndGlobalSection
	GlobalSection(SolutionProperties) = preSolution
		HideSolutionNode = FALSE
	EndGlobalSection
	GlobalSection(ExtensibilityGlobals) = postSolution
		SolutionGuid = {A155F66F-2B82-42BE-9C47-73E28DEC449B}
	EndGlobalSection
EndGlobal
